PODS:
  - Protobuf (3.17.0)
  - SSZipArchive (2.1.5)

DEPENDENCIES:
  - Protobuf (= 3.17.0)
  - SSZipArchive (~> 2.1.4)

SPEC REPOS:
  trunk:
    - Protobuf
    - SSZipArchive

SPEC CHECKSUMS:
  Protobuf: 7327d4444215b5f18e560a97f879ff5503c4581c
  SSZipArchive: cefe1364104a0231268a5deb8495bdf2861f52f0

PODFILE CHECKSUM: bdaddc4a6ee1c4e4b198886059d255ab429c1ad3

COCOAPODS: 1.15.2
